PODS:
  - Alamofire (3.2.1)
  - AlamofireRSS (0.3.0):
    - Alamofire (> 3.0.0)

DEPENDENCIES:
  - AlamofireRSS (from `../`)

EXTERNAL SOURCES:
  AlamofireRSS:
    :path: "../"

SPEC CHECKSUMS:
  Alamofire: f11d8624a05f5d39e0c99309b3e600a3ba64298a
  AlamofireRSS: 88b7455d284a6029d8a47eae53ae9cab701224aa

PODFILE CHECKSUM: be4aa6b5ba093b71551c4cb3f7295929c6a6cc2b

COCOAPODS: 1.0.0.beta.3
